
Microsoft Visual Studio Solution File, Format Version 12.00
# Visual Studio Version 17
VisualStudioVersion = 17.14.36518.9 d17.14
MinimumVisualStudioVersion = 10.0.40219.1
Project("{FAE04EC0-301F-11D3-BF4B-00C04F79EFBC}") = "Masivi", "Masivi\Masivi.csproj", "{FEF8E32F-B57A-4E2F-9FDF-BE545B113D0C}"
EndProject
Global
	GlobalSection(SolutionConfigurationPlatforms) = preSolution
		Debug|Any CPU = Debug|Any CPU
		Release|Any CPU = Release|Any CPU
	EndGlobalSection
	GlobalSection(ProjectConfigurationPlatforms) = postSolution
		{FEF8E32F-B57A-4E2F-9FDF-BE545B113D0C}.Debug|Any CPU.ActiveCfg = Debug|Any CPU
		{FEF8E32F-B57A-4E2F-9FDF-BE545B113D0C}.Debug|Any CPU.Build.0 = Debug|Any CPU
		{FEF8E32F-B57A-4E2F-9FDF-BE545B113D0C}.Release|Any CPU.ActiveCfg = Release|Any CPU
		{FEF8E32F-B57A-4E2F-9FDF-BE545B113D0C}.Release|Any CPU.Build.0 = Release|Any CPU
	EndGlobalSection
	GlobalSection(SolutionProperties) = preSolution
		HideSolutionNode = FALSE
	EndGlobalSection
	GlobalSection(ExtensibilityGlobals) = postSolution
		SolutionGuid = {12626E84-60B8-424B-AA82-2E9F07F83135}
	EndGlobalSection
EndGlobal
